// !$*UTF8*$!
{
	archiveVersion = 1;
	classes = {
	};
	objectVersion = 46;
	objects = {

/* Begin PBXBuildFile section */
		85B468C71D9671AF000F1DB5 /* AppDelegate.m in Sources */ = {isa = PBXBuildFile; fileRef = 85B468C61D9671AF000F1DB5 /* AppDelegate.m */; };
		85B468CA1D9671AF000F1DB5 /* main.m in Sources */ = {isa = PBXBuildFile; fileRef = 85B468C91D9671AF000F1DB5 /* main.m */; };
		85B468CC1D9671B0000F1DB5 /* Assets.xcassets in Resources */ = {isa = PBXBuildFile; fileRef = 85B468CB1D9671B0000F1DB5 /* Assets.xcassets */; };
		85B468CF1D9671B0000F1DB5 /* MainMenu.xib in Resources */ = {isa = PBXBuildFile; fileRef = 85B468CD1D9671B0000F1DB5 /* MainMenu.xib */; };
		85B469021D971223000F1DB5 /* innoextract in Resources */ = {isa = PBXBuildFile; fileRef = 85B469011D971223000F1DB5 /* innoextract */; };
/* End PBXBuildFile section */

/* Begin PBXFileReference section */
		85B468C21D9671AF000F1DB5 /* OpenRCT2 Installer.app */ = {isa = PBXFileReference; explicitFileType = wrapper.application; includeInIndex = 0; path = "OpenRCT2 Installer.app"; sourceTree = BUILT_PRODUCTS_DIR; };
		85B468C51D9671AF000F1DB5 /* AppDelegate.h */ = {isa = PBXFileReference; lastKnownFileType = sourcecode.c.h; path = AppDelegate.h; sourceTree = "<group>"; };
		85B468C61D9671AF000F1DB5 /* AppDelegate.m */ = {isa = PBXFileReference; lastKnownFileType = sourcecode.c.objc; path = AppDelegate.m; sourceTree = "<group>"; };
		85B468C91D9671AF000F1DB5 /* main.m */ = {isa = PBXFileReference; lastKnownFileType = sourcecode.c.objc; path = main.m; sourceTree = "<group>"; };
		85B468CB1D9671B0000F1DB5 /* Assets.xcassets */ = {isa = PBXFileReference; lastKnownFileType = folder.assetcatalog; path = Assets.xcassets; sourceTree = "<group>"; };
		85B468CE1D9671B0000F1DB5 /* Base */ = {isa = PBXFileReference; lastKnownFileType = file.xib; name = Base; path = Base.lproj/MainMenu.xib; sourceTree = "<group>"; };
		85B468D01D9671B0000F1DB5 /* Info.plist */ = {isa = PBXFileReference; lastKnownFileType = text.plist.xml; path = Info.plist; sourceTree = "<group>"; };
		85B469011D971223000F1DB5 /* innoextract */ = {isa = PBXFileReference; lastKnownFileType = "compiled.mach-o.executable"; path = innoextract; sourceTree = "<group>"; };
/* End PBXFileReference section */

/* Begin PBXFrameworksBuildPhase section */
		85B468BF1D9671AF000F1DB5 /* Frameworks */ = {
			isa = PBXFrameworksBuildPhase;
			buildActionMask = 2147483647;
			files = (
			);
			runOnlyForDeploymentPostprocessing = 0;
		};
/* End PBXFrameworksBuildPhase section */

/* Begin PBXGroup section */
		8516E9821D97CD6F00C7F210 /* Binaries */ = {
			isa = PBXGroup;
			children = (
				85B469011D971223000F1DB5 /* innoextract */,
			);
			path = Binaries;
			sourceTree = "<group>";
		};
		85B468B91D9671AF000F1DB5 = {
			isa = PBXGroup;
			children = (
				85B468C41D9671AF000F1DB5 /* OpenRCT2 Installer */,
				8516E9821D97CD6F00C7F210 /* Binaries */,
				85B468C31D9671AF000F1DB5 /* Products */,
			);
			sourceTree = "<group>";
		};
		85B468C31D9671AF000F1DB5 /* Products */ = {
			isa = PBXGroup;
			children = (
				85B468C21D9671AF000F1DB5 /* OpenRCT2 Installer.app */,
			);
			name = Products;
			sourceTree = "<group>";
		};
		85B468C41D9671AF000F1DB5 /* OpenRCT2 Installer */ = {
			isa = PBXGroup;
			children = (
				85B468C51D9671AF000F1DB5 /* AppDelegate.h */,
				85B468C61D9671AF000F1DB5 /* AppDelegate.m */,
				85B468CB1D9671B0000F1DB5 /* Assets.xcassets */,
				85B468CD1D9671B0000F1DB5 /* MainMenu.xib */,
				85B468D01D9671B0000F1DB5 /* Info.plist */,
				85B468C81D9671AF000F1DB5 /* Supporting Files */,
			);
			path = "OpenRCT2 Installer";
			sourceTree = "<group>";
		};
		85B468C81D9671AF000F1DB5 /* Supporting Files */ = {
			isa = PBXGroup;
			children = (
				85B468C91D9671AF000F1DB5 /* main.m */,
			);
			name = "Supporting Files";
			sourceTree = "<group>";
		};
/* End PBXGroup section */

/* Begin PBXNativeTarget section */
		85B468C11D9671AF000F1DB5 /* OpenRCT2 Installer */ = {
			isa = PBXNativeTarget;
			buildConfigurationList = 85B468D31D9671B0000F1DB5 /* Build configuration list for PBXNativeTarget "OpenRCT2 Installer" */;
			buildPhases = (
				85B468BE1D9671AF000F1DB5 /* Sources */,
				85B468BF1D9671AF000F1DB5 /* Frameworks */,
				85B468C01D9671AF000F1DB5 /* Resources */,
			);
			buildRules = (
			);
			dependencies = (
			);
			name = "OpenRCT2 Installer";
			productName = "OpenRCT2 Installer";
			productReference = 85B468C21D9671AF000F1DB5 /* OpenRCT2 Installer.app */;
			productType = "com.apple.product-type.application";
		};
/* End PBXNativeTarget section */

/* Begin PBXProject section */
		85B468BA1D9671AF000F1DB5 /* Project object */ = {
			isa = PBXProject;
			attributes = {
				LastUpgradeCheck = 0800;
				ORGANIZATIONNAME = "Marijn van der Werf";
				TargetAttributes = {
					85B468C11D9671AF000F1DB5 = {
						CreatedOnToolsVersion = 8.0;
						DevelopmentTeam = XM22Z8363C;
						ProvisioningStyle = Automatic;
					};
				};
			};
			buildConfigurationList = 85B468BD1D9671AF000F1DB5 /* Build configuration list for PBXProject "OpenRCT2 Installer" */;
			compatibilityVersion = "Xcode 3.2";
			developmentRegion = English;
			hasScannedForEncodings = 0;
			knownRegions = (
				en,
				Base,
			);
			mainGroup = 85B468B91D9671AF000F1DB5;
			productRefGroup = 85B468C31D9671AF000F1DB5 /* Products */;
			projectDirPath = "";
			projectRoot = "";
			targets = (
				85B468C11D9671AF000F1DB5 /* OpenRCT2 Installer */,
			);
		};
/* End PBXProject section */

/* Begin PBXResourcesBuildPhase section */
		85B468C01D9671AF000F1DB5 /* Resources */ = {
			isa = PBXResourcesBuildPhase;
			buildActionMask = 2147483647;
			files = (
				85B468CC1D9671B0000F1DB5 /* Assets.xcassets in Resources */,
				85B469021D971223000F1DB5 /* innoextract in Resources */,
				85B468CF1D9671B0000F1DB5 /* MainMenu.xib in Resources */,
			);
			runOnlyForDeploymentPostprocessing = 0;
		};
/* End PBXResourcesBuildPhase section */

/* Begin PBXSourcesBuildPhase section */
		85B468BE1D9671AF000F1DB5 /* Sources */ = {
			isa = PBXSourcesBuildPhase;
			buildActionMask = 2147483647;
			files = (
				85B468CA1D9671AF000F1DB5 /* main.m in Sources */,
				85B468C71D9671AF000F1DB5 /* AppDelegate.m in Sources */,
			);
			runOnlyForDeploymentPostprocessing = 0;
		};
/* End PBXSourcesBuildPhase section */

/* Begin PBXVariantGroup section */
		85B468CD1D9671B0000F1DB5 /* MainMenu.xib */ = {
			isa = PBXVariantGroup;
			children = (
				85B468CE1D9671B0000F1DB5 /* Base */,
			);
			name = MainMenu.xib;
			sourceTree = "<group>";
		};
/* End PBXVariantGroup section */

/* Begin XCBuildConfiguration section */
		85B468D11D9671B0000F1DB5 /* Debug */ = {
			isa = XCBuildConfiguration;
			buildSettings = {
				ALWAYS_SEARCH_USER_PATHS = NO;
				CLANG_ANALYZER_NONNULL = YES;
				CLANG_CXX_LANGUAGE_STANDARD = "gnu++0x";
				CLANG_CXX_LIBRARY = "libc++";
				CLANG_ENABLE_MODULES = YES;
				CLANG_ENABLE_OBJC_ARC = YES;
				CLANG_WARN_BOOL_CONVERSION = YES;
				CLANG_WARN_CONSTANT_CONVERSION = YES;
				CLANG_WARN_DIRECT_OBJC_ISA_USAGE = YES_ERROR;
				CLANG_WARN_DOCUMENTATION_COMMENTS = YES;
				CLANG_WARN_EMPTY_BODY = YES;
				CLANG_WARN_ENUM_CONVERSION = YES;
				CLANG_WARN_INFINITE_RECURSION = YES;
				CLANG_WARN_INT_CONVERSION = YES;
				CLANG_WARN_OBJC_ROOT_CLASS = YES_ERROR;
				CLANG_WARN_SUSPICIOUS_MOVES = YES;
				CLANG_WARN_UNREACHABLE_CODE = YES;
				CLANG_WARN__DUPLICATE_METHOD_MATCH = YES;
				CODE_SIGN_IDENTITY = "-";
				COPY_PHASE_STRIP = NO;
				DEBUG_INFORMATION_FORMAT = dwarf;
				ENABLE_STRICT_OBJC_MSGSEND = YES;
				ENABLE_TESTABILITY = YES;
				GCC_C_LANGUAGE_STANDARD = gnu99;
				GCC_DYNAMIC_NO_PIC = NO;
				GCC_NO_COMMON_BLOCKS = YES;
				GCC_OPTIMIZATION_LEVEL = 0;
				GCC_PREPROCESSOR_DEFINITIONS = (
					"DEBUG=1",
					"$(inherited)",
				);
				GCC_WARN_64_TO_32_BIT_CONVERSION = YES;
				GCC_WARN_ABOUT_RETURN_TYPE = YES_ERROR;
				GCC_WARN_UNDECLARED_SELECTOR = YES;
				GCC_WARN_UNINITIALIZED_AUTOS = YES_AGGRESSIVE;
				GCC_WARN_UNUSED_FUNCTION = YES;
				GCC_WARN_UNUSED_VARIABLE = YES;
				MACOSX_DEPLOYMENT_TARGET = 10.11;
				MTL_ENABLE_DEBUG_INFO = YES;
				ONLY_ACTIVE_ARCH = YES;
				SDKROOT = macosx;
			};
			name = Debug;
		};
		85B468D21D9671B0000F1DB5 /* Release */ = {
			isa = XCBuildConfiguration;
			buildSettings = {
				ALWAYS_SEARCH_USER_PATHS = NO;
				CLANG_ANALYZER_NONNULL = YES;
				CLANG_CXX_LANGUAGE_STANDARD = "gnu++0x";
				CLANG_CXX_LIBRARY = "libc++";
				CLANG_ENABLE_MODULES = YES;
				CLANG_ENABLE_OBJC_ARC = YES;
				CLANG_WARN_BOOL_CONVERSION = YES;
				CLANG_WARN_CONSTANT_CONVERSION = YES;
				CLANG_WARN_DIRECT_OBJC_ISA_USAGE = YES_ERROR;
				CLANG_WARN_DOCUMENTATION_COMMENTS = YES;
				CLANG_WARN_EMPTY_BODY = YES;
				CLANG_WARN_ENUM_CONVERSION = YES;
				CLANG_WARN_INFINITE_RECURSION = YES;
				CLANG_WARN_INT_CONVERSION = YES;
				CLANG_WARN_OBJC_ROOT_CLASS = YES_ERROR;
				CLANG_WARN_SUSPICIOUS_MOVES = YES;
				CLANG_WARN_UNREACHABLE_CODE = YES;
				CLANG_WARN__DUPLICATE_METHOD_MATCH = YES;
				CODE_SIGN_IDENTITY = "-";
				COPY_PHASE_STRIP = NO;
				DEBUG_INFORMATION_FORMAT = "dwarf-with-dsym";
				ENABLE_NS_ASSERTIONS = NO;
				ENABLE_STRICT_OBJC_MSGSEND = YES;
				GCC_C_LANGUAGE_STANDARD = gnu99;
				GCC_NO_COMMON_BLOCKS = YES;
				GCC_WARN_64_TO_32_BIT_CONVERSION = YES;
				GCC_WARN_ABOUT_RETURN_TYPE = YES_ERROR;
				GCC_WARN_UNDECLARED_SELECTOR = YES;
				GCC_WARN_UNINITIALIZED_AUTOS = YES_AGGRESSIVE;
				GCC_WARN_UNUSED_FUNCTION = YES;
				GCC_WARN_UNUSED_VARIABLE = YES;
				MACOSX_DEPLOYMENT_TARGET = 10.11;
				MTL_ENABLE_DEBUG_INFO = NO;
				SDKROOT = macosx;
			};
			name = Release;
		};
		85B468D41D9671B0000F1DB5 /* Debug */ = {
			isa = XCBuildConfiguration;
			buildSettings = {
				ASSETCATALOG_COMPILER_APPICON_NAME = AppIcon;
				COMBINE_HIDPI_IMAGES = YES;
				DEVELOPMENT_TEAM = XM22Z8363C;
				INFOPLIST_FILE = "OpenRCT2 Installer/Info.plist";
				LD_RUNPATH_SEARCH_PATHS = "$(inherited) @executable_path/../Frameworks";
				PRODUCT_BUNDLE_IDENTIFIER = "nl.marijnvdwerf.OpenRCT2-Installer";
				PRODUCT_NAME = "$(TARGET_NAME)";
			};
			name = Debug;
		};
		85B468D51D9671B0000F1DB5 /* Release */ = {
			isa = XCBuildConfiguration;
			buildSettings = {
				ASSETCATALOG_COMPILER_APPICON_NAME = AppIcon;
				COMBINE_HIDPI_IMAGES = YES;
				DEVELOPMENT_TEAM = XM22Z8363C;
				INFOPLIST_FILE = "OpenRCT2 Installer/Info.plist";
				LD_RUNPATH_SEARCH_PATHS = "$(inherited) @executable_path/../Frameworks";
				PRODUCT_BUNDLE_IDENTIFIER = "nl.marijnvdwerf.OpenRCT2-Installer";
				PRODUCT_NAME = "$(TARGET_NAME)";
			};
			name = Release;
		};
/* End XCBuildConfiguration section */

/* Begin XCConfigurationList section */
		85B468BD1D9671AF000F1DB5 /* Build configuration list for PBXProject "OpenRCT2 Installer" */ = {
			isa = XCConfigurationList;
			buildConfigurations = (
				85B468D11D9671B0000F1DB5 /* Debug */,
				85B468D21D9671B0000F1DB5 /* Release */,
			);
			defaultConfigurationIsVisible = 0;
			defaultConfigurationName = Release;
		};
		85B468D31D9671B0000F1DB5 /* Build configuration list for PBXNativeTarget "OpenRCT2 Installer" */ = {
			isa = XCConfigurationList;
			buildConfigurations = (
				85B468D41D9671B0000F1DB5 /* Debug */,
				85B468D51D9671B0000F1DB5 /* Release */,
			);
			defaultConfigurationIsVisible = 0;
			defaultConfigurationName = Release;
		};
/* End XCConfigurationList section */
	};
	rootObject = 85B468BA1D9671AF000F1DB5 /* Project object */;
}
